
Microsoft Visual Studio Solution File, Format Version 12.00
# Visual Studio 15
VisualStudioVersion = 15.0.28010.2016
MinimumVisualStudioVersion = 10.0.40219.1
Project("{FAE04EC0-301F-11D3-BF4B-00C04F79EFBC}") = "GroupTheImage", "GroupTheImage\GroupTheImage.csproj", "{E6301E13-D428-4F34-82E8-854C6A54C9DD}"
EndProject
Global
	GlobalSection(SolutionConfigurationPlatforms) = preSolution
		Debug|Any CPU = Debug|Any CPU
		Release|Any CPU = Release|Any CPU
	EndGlobalSection
	GlobalSection(ProjectConfigurationPlatforms) = postSolution
		{E6301E13-D428-4F34-82E8-854C6A54C9DD}.Debug|Any CPU.ActiveCfg = Debug|Any CPU
		{E6301E13-D428-4F34-82E8-854C6A54C9DD}.Debug|Any CPU.Build.0 = Debug|Any CPU
		{E6301E13-D428-4F34-82E8-854C6A54C9DD}.Release|Any CPU.ActiveCfg = Release|Any CPU
		{E6301E13-D428-4F34-82E8-854C6A54C9DD}.Release|Any CPU.Build.0 = Release|Any CPU
	EndGlobalSection
	GlobalSection(SolutionProperties) = preSolution
		HideSolutionNode = FALSE
	EndGlobalSection
	GlobalSection(ExtensibilityGlobals) = postSolution
		SolutionGuid = {3C5E0D25-3417-4F8F-886A-26E7FBDA1D39}
	EndGlobalSection
EndGlobal
